
Microsoft Visual Studio Solution File, Format Version 12.00
# Visual Studio Version 16
VisualStudioVersion = 16.0.31321.278
MinimumVisualStudioVersion = 10.0.40219.1
Project("{FAE04EC0-301F-11D3-BF4B-00C04F79EFBC}") = "WpfApp1", "WpfApp1\WpfApp1.csproj", "{E0531054-9F8F-46A9-B88A-F787A9B5722C}"
EndProject
Project("{FAE04EC0-301F-11D3-BF4B-00C04F79EFBC}") = "ClassLibrary1", "ClassLibrary1\ClassLibrary1.csproj", "{F013908B-FB92-4CB9-BB09-5ED324D36465}"
EndProject
Global
	GlobalSection(SolutionConfigurationPlatforms) = preSolution
		Debug|Any CPU = Debug|Any CPU
		Release|Any CPU = Release|Any CPU
	EndGlobalSection
	GlobalSection(ProjectConfigurationPlatforms) = postSolution
		{E0531054-9F8F-46A9-B88A-F787A9B5722C}.Debug|Any CPU.ActiveCfg = Debug|Any CPU
		{E0531054-9F8F-46A9-B88A-F787A9B5722C}.Debug|Any CPU.Build.0 = Debug|Any CPU
		{E0531054-9F8F-46A9-B88A-F787A9B5722C}.Release|Any CPU.ActiveCfg = Release|Any CPU
		{E0531054-9F8F-46A9-B88A-F787A9B5722C}.Release|Any CPU.Build.0 = Release|Any CPU
		{F013908B-FB92-4CB9-BB09-5ED324D36465}.Debug|Any CPU.ActiveCfg = Debug|Any CPU
		{F013908B-FB92-4CB9-BB09-5ED324D36465}.Debug|Any CPU.Build.0 = Debug|Any CPU
		{F013908B-FB92-4CB9-BB09-5ED324D36465}.Release|Any CPU.ActiveCfg = Release|Any CPU
		{F013908B-FB92-4CB9-BB09-5ED324D36465}.Release|Any CPU.Build.0 = Release|Any CPU
	EndGlobalSection
	GlobalSection(SolutionProperties) = preSolution
		HideSolutionNode = FALSE
	EndGlobalSection
	GlobalSection(ExtensibilityGlobals) = postSolution
		SolutionGuid = {DE46C539-F4C9-4C35-BB30-79280B97CBC0}
	EndGlobalSection
EndGlobal
